{
    "_readme": [
        "This file locks the dependencies of your project to a known state",
        "Read more about it at http://getcomposer.org/doc/01-basic-usage.md#composer-lock-the-lock-file"
    ],
    "hash": "9c769a2d0ffcd3988d12889d1d3a3a41",
    "packages": [
        {
            "name": "kdyby/autowired",
            "version": "dev-master",
            "source": {
                "type": "git",
                "url": "https://github.com/Kdyby/Autowired.git",
                "reference": "v1.0.0"
            },
            "dist": {
                "type": "zip",
                "url": "https://api.github.com/repos/Kdyby/Autowired/zipball/v1.0.0",
                "reference": "v1.0.0",
                "shasum": ""
            },
            "require": {
                "nette/nette": "@dev"
            },
            "require-dev": {
                "nette/tester": "@dev"
            },
            "type": "library",
            "autoload": {
                "psr-0": {
                    "Kdyby\\Autowired": "src/"
                },
                "classmap": [
                    "src/Kdyby/Autowired/exceptions.php"
                ]
            },
            "notification-url": "https://packagist.org/downloads/",
            "license": [
                "BSD-3-Clause",
                "GPL-2.0",
                "GPL-3.0"
            ],
            "authors": [
                {
                    "name": "Filip Procházka",
                    "homepage": "http://filip-prochazka.com"
                }
            ],
            "description": "Syntax sugar for working with services in Nette Framework",
            "homepage": "http://kdyby.org",
            "keywords": [
                "autowire",
                "di",
                "kdyby",
                "nette"
            ],
            "time": "2013-07-29 23:12:31"
        },
        {
            "name": "kdyby/facebook",
            "version": "v1.0.0",
            "source": {
                "type": "git",
                "url": "https://github.com/Kdyby/Facebook.git",
                "reference": "v1.0.0"
            },
            "dist": {
                "type": "zip",
                "url": "https://api.github.com/repos/Kdyby/Facebook/zipball/v1.0.0",
                "reference": "v1.0.0",
                "shasum": ""
            },
            "require": {
                "ext-curl": "*",
                "ext-json": "*",
                "nette/nette": "@dev"
            },
            "require-dev": {
                "nette/tester": "@dev"
            },
            "type": "library",
            "autoload": {
                "psr-0": {
                    "Kdyby\\Facebook\\": "src/"
                },
                "classmap": [
                    "src/Kdyby/Facebook/exceptions.php"
                ]
            },
            "notification-url": "https://packagist.org/downloads/",
            "license": [
                "BSD-3-Clause",
                "GPL-2.0",
                "GPL-3.0"
            ],
            "authors": [
                {
                    "name": "Facebook",
                    "homepage": "https://github.com/facebook/facebook-php-sdk/contributors"
                },
                {
                    "name": "Filip Procházka",
                    "homepage": "http://filip-prochazka.com"
                }
            ],
            "description": "Facebook PHP SDK for Nette Framework",
            "homepage": "http://kdyby.org",
            "keywords": [
                "facebook",
                "nette",
                "sdk"
            ],
            "time": "2013-08-03 16:45:31"
        },
        {
            "name": "nette/nette",
            "version": "dev-master",
            "source": {
                "type": "git",
                "url": "https://github.com/nette/nette.git",
                "reference": "c71259c47ce1a3527f0848d0b77610a0c13c28ba"
            },
            "dist": {
                "type": "zip",
                "url": "https://api.github.com/repos/nette/nette/zipball/c71259c47ce1a3527f0848d0b77610a0c13c28ba",
                "reference": "c71259c47ce1a3527f0848d0b77610a0c13c28ba",
                "shasum": ""
            },
            "require": {
                "ext-iconv": "*",
                "ext-tokenizer": "*",
                "php": ">=5.3.0"
            },
            "require-dev": {
                "nette/tester": "@dev"
            },
            "suggest": {
                "ext-fileinfo": "*",
                "ext-gd": "*",
                "ext-mbstring": "*",
                "ext-memcache": "*",
                "ext-pdo": "*"
            },
            "type": "library",
            "extra": {
                "branch-alias": {
                    "dev-master": "2.1-dev"
                }
            },
            "autoload": {
                "files": [
                    "Nette/loader.php"
                ]
            },
            "notification-url": "https://packagist.org/downloads/",
            "license": [
                "BSD-3-Clause",
                "GPL-2.0",
                "GPL-3.0"
            ],
            "authors": [
                {
                    "name": "David Grudl",
                    "homepage": "http://davidgrudl.com"
                },
                {
                    "name": "Nette Community",
                    "homepage": "http://nette.org/contributors"
                }
            ],
            "description": "Nette Framework - innovative framework for fast and easy development of secured web applications in PHP. Write less, have cleaner code and your work will bring you joy.",
            "homepage": "http://nette.org",
            "keywords": [
                "Forms",
                "database",
                "dbal",
                "debugging",
                "framework",
                "images",
                "latte",
                "mailing",
                "micro",
                "mvc",
                "neon",
                "templating"
            ],
            "time": "2013-08-04 13:43:30"
        }
    ],
    "packages-dev": [
        {
            "name": "nette/tester",
            "version": "dev-master",
            "source": {
                "type": "git",
                "url": "https://github.com/nette/tester.git",
                "reference": "79c065cc49c6f10b3a9505e2fc7a264a60b9c950"
            },
            "dist": {
                "type": "zip",
                "url": "https://api.github.com/repos/nette/tester/zipball/79c065cc49c6f10b3a9505e2fc7a264a60b9c950",
                "reference": "79c065cc49c6f10b3a9505e2fc7a264a60b9c950",
                "shasum": ""
            },
            "require": {
                "php": ">=5.3.0"
            },
            "bin": [
                "Tester/tester"
            ],
            "type": "library",
            "autoload": {
                "classmap": [
                    "Tester/"
                ]
            },
            "notification-url": "https://packagist.org/downloads/",
            "license": [
                "BSD-3-Clause",
                "GPL-2.0",
                "GPL-3.0"
            ],
            "authors": [
                {
                    "name": "David Grudl",
                    "homepage": "http://davidgrudl.com"
                },
                {
                    "name": "Nette Community",
                    "homepage": "http://nette.org/contributors"
                }
            ],
            "description": "An easy-to-use PHP Unit Testing framework.",
            "homepage": "http://nette.org",
            "keywords": [
                "nette",
                "testing",
                "unit"
            ],
            "time": "2013-08-03 14:52:10"
        }
    ],
    "aliases": [

    ],
    "minimum-stability": "stable",
    "stability-flags": {
        "nette/nette": 20,
        "kdyby/autowired": 20,
        "nette/tester": 20
    },
    "platform": {
        "php": ">= 5.3.0"
    },
    "platform-dev": [

    ]
}
